// !$*UTF8*$!
{
	archiveVersion = 1;
	classes = {
	};
	objectVersion = 56;
	objects = {

/* Begin PBXBuildFile section */
		0F512D5C2B69AA7300321C1E /* ChimpTestApp.swift in Sources */ = {isa = PBXBuildFile; fileRef = 0F512D5B2B69AA7300321C1E /* ChimpTestApp.swift */; };
		0F512D5E2B69AA7300321C1E /* ContentView.swift in Sources */ = {isa = PBXBuildFile; fileRef = 0F512D5D2B69AA7300321C1E /* ContentView.swift */; };
		0F512D602B69AA7400321C1E /* Assets.xcassets in Resources */ = {isa = PBXBuildFile; fileRef = 0F512D5F2B69AA7400321C1E /* Assets.xcassets */; };
		0F512D632B69AA7400321C1E /* Preview Assets.xcassets in Resources */ = {isa = PBXBuildFile; fileRef = 0F512D622B69AA7400321C1E /* Preview Assets.xcassets */; };
		0F512D6D2B69AA7400321C1E /* ChimpTestTests.swift in Sources */ = {isa = PBXBuildFile; fileRef = 0F512D6C2B69AA7400321C1E /* ChimpTestTests.swift */; };
		0F512D772B69AA7400321C1E /* ChimpTestUITests.swift in Sources */ = {isa = PBXBuildFile; fileRef = 0F512D762B69AA7400321C1E /* ChimpTestUITests.swift */; };
		0F512D792B69AA7400321C1E /* ChimpTestUITestsLaunchTests.swift in Sources */ = {isa = PBXBuildFile; fileRef = 0F512D782B69AA7400321C1E /* ChimpTestUITestsLaunchTests.swift */; };
/* End PBXBuildFile section */

/* Begin PBXContainerItemProxy section */
		0F512D692B69AA7400321C1E /* PBXContainerItemProxy */ = {
			isa = PBXContainerItemProxy;
			containerPortal = 0F512D502B69AA7300321C1E /* Project object */;
			proxyType = 1;
			remoteGlobalIDString = 0F512D572B69AA7300321C1E;
			remoteInfo = ChimpTest;
		};
		0F512D732B69AA7400321C1E /* PBXContainerItemProxy */ = {
			isa = PBXContainerItemProxy;
			containerPortal = 0F512D502B69AA7300321C1E /* Project object */;
			proxyType = 1;
			remoteGlobalIDString = 0F512D572B69AA7300321C1E;
			remoteInfo = ChimpTest;
		};
/* End PBXContainerItemProxy section */

/* Begin PBXFileReference section */
		0F512D582B69AA7300321C1E /* ChimpTest.app */ = {isa = PBXFileReference; explicitFileType = wrapper.application; includeInIndex = 0; path = ChimpTest.app; sourceTree = BUILT_PRODUCTS_DIR; };
		0F512D5B2B69AA7300321C1E /* ChimpTestApp.swift */ = {isa = PBXFileReference; lastKnownFileType = sourcecode.swift; path = ChimpTestApp.swift; sourceTree = "<group>"; };
		0F512D5D2B69AA7300321C1E /* ContentView.swift */ = {isa = PBXFileReference; lastKnownFileType = sourcecode.swift; path = ContentView.swift; sourceTree = "<group>"; };
		0F512D5F2B69AA7400321C1E /* Assets.xcassets */ = {isa = PBXFileReference; lastKnownFileType = folder.assetcatalog; path = Assets.xcassets; sourceTree = "<group>"; };
		0F512D622B69AA7400321C1E /* Preview Assets.xcassets */ = {isa = PBXFileReference; lastKnownFileType = folder.assetcatalog; path = "Preview Assets.xcassets"; sourceTree = "<group>"; };
		0F512D682B69AA7400321C1E /* ChimpTestTests.xctest */ = {isa = PBXFileReference; explicitFileType = wrapper.cfbundle; includeInIndex = 0; path = ChimpTestTests.xctest; sourceTree = BUILT_PRODUCTS_DIR; };
		0F512D6C2B69AA7400321C1E /* ChimpTestTests.swift */ = {isa = PBXFileReference; lastKnownFileType = sourcecode.swift; path = ChimpTestTests.swift; sourceTree = "<group>"; };
		0F512D722B69AA7400321C1E /* ChimpTestUITests.xctest */ = {isa = PBXFileReference; explicitFileType = wrapper.cfbundle; includeInIndex = 0; path = ChimpTestUITests.xctest; sourceTree = BUILT_PRODUCTS_DIR; };
		0F512D762B69AA7400321C1E /* ChimpTestUITests.swift */ = {isa = PBXFileReference; lastKnownFileType = sourcecode.swift; path = ChimpTestUITests.swift; sourceTree = "<group>"; };
		0F512D782B69AA7400321C1E /* ChimpTestUITestsLaunchTests.swift */ = {isa = PBXFileReference; lastKnownFileType = sourcecode.swift; path = ChimpTestUITestsLaunchTests.swift; sourceTree = "<group>"; };
/* End PBXFileReference section */

/* Begin PBXFrameworksBuildPhase section */
		0F512D552B69AA7300321C1E /* Frameworks */ = {
			isa = PBXFrameworksBuildPhase;
			buildActionMask = 2147483647;
			files = (
			);
			runOnlyForDeploymentPostprocessing = 0;
		};
		0F512D652B69AA7400321C1E /* Frameworks */ = {
			isa = PBXFrameworksBuildPhase;
			buildActionMask = 2147483647;
			files = (
			);
			runOnlyForDeploymentPostprocessing = 0;
		};
		0F512D6F2B69AA7400321C1E /* Frameworks */ = {
			isa = PBXFrameworksBuildPhase;
			buildActionMask = 2147483647;
			files = (
			);
			runOnlyForDeploymentPostprocessing = 0;
		};
/* End PBXFrameworksBuildPhase section */

/* Begin PBXGroup section */
		0F512D4F2B69AA7300321C1E = {
			isa = PBXGroup;
			children = (
				0F512D5A2B69AA7300321C1E /* ChimpTest */,
				0F512D6B2B69AA7400321C1E /* ChimpTestTests */,
				0F512D752B69AA7400321C1E /* ChimpTestUITests */,
				0F512D592B69AA7300321C1E /* Products */,
			);
			sourceTree = "<group>";
		};
		0F512D592B69AA7300321C1E /* Products */ = {
			isa = PBXGroup;
			children = (
				0F512D582B69AA7300321C1E /* ChimpTest.app */,
				0F512D682B69AA7400321C1E /* ChimpTestTests.xctest */,
				0F512D722B69AA7400321C1E /* ChimpTestUITests.xctest */,
			);
			name = Products;
			sourceTree = "<group>";
		};
		0F512D5A2B69AA7300321C1E /* ChimpTest */ = {
			isa = PBXGroup;
			children = (
				0F512D5B2B69AA7300321C1E /* ChimpTestApp.swift */,
				0F512D5D2B69AA7300321C1E /* ContentView.swift */,
				0F512D5F2B69AA7400321C1E /* Assets.xcassets */,
				0F512D612B69AA7400321C1E /* Preview Content */,
			);
			path = ChimpTest;
			sourceTree = "<group>";
		};
		0F512D612B69AA7400321C1E /* Preview Content */ = {
			isa = PBXGroup;
			children = (
				0F512D622B69AA7400321C1E /* Preview Assets.xcassets */,
			);
			path = "Preview Content";
			sourceTree = "<group>";
		};
		0F512D6B2B69AA7400321C1E /* ChimpTestTests */ = {
			isa = PBXGroup;
			children = (
				0F512D6C2B69AA7400321C1E /* ChimpTestTests.swift */,
			);
			path = ChimpTestTests;
			sourceTree = "<group>";
		};
		0F512D752B69AA7400321C1E /* ChimpTestUITests */ = {
			isa = PBXGroup;
			children = (
				0F512D762B69AA7400321C1E /* ChimpTestUITests.swift */,
				0F512D782B69AA7400321C1E /* ChimpTestUITestsLaunchTests.swift */,
			);
			path = ChimpTestUITests;
			sourceTree = "<group>";
		};
/* End PBXGroup section */

/* Begin PBXNativeTarget section */
		0F512D572B69AA7300321C1E /* ChimpTest */ = {
			isa = PBXNativeTarget;
			buildConfigurationList = 0F512D7C2B69AA7400321C1E /* Build configuration list for PBXNativeTarget "ChimpTest" */;
			buildPhases = (
				0F512D542B69AA7300321C1E /* Sources */,
				0F512D552B69AA7300321C1E /* Frameworks */,
				0F512D562B69AA7300321C1E /* Resources */,
			);
			buildRules = (
			);
			dependencies = (
			);
			name = ChimpTest;
			productName = ChimpTest;
			productReference = 0F512D582B69AA7300321C1E /* ChimpTest.app */;
			productType = "com.apple.product-type.application";
		};
		0F512D672B69AA7400321C1E /* ChimpTestTests */ = {
			isa = PBXNativeTarget;
			buildConfigurationList = 0F512D7F2B69AA7400321C1E /* Build configuration list for PBXNativeTarget "ChimpTestTests" */;
			buildPhases = (
				0F512D642B69AA7400321C1E /* Sources */,
				0F512D652B69AA7400321C1E /* Frameworks */,
				0F512D662B69AA7400321C1E /* Resources */,
			);
			buildRules = (
			);
			dependencies = (
				0F512D6A2B69AA7400321C1E /* PBXTargetDependency */,
			);
			name = ChimpTestTests;
			productName = ChimpTestTests;
			productReference = 0F512D682B69AA7400321C1E /* ChimpTestTests.xctest */;
			productType = "com.apple.product-type.bundle.unit-test";
		};
		0F512D712B69AA7400321C1E /* ChimpTestUITests */ = {
			isa = PBXNativeTarget;
			buildConfigurationList = 0F512D822B69AA7400321C1E /* Build configuration list for PBXNativeTarget "ChimpTestUITests" */;
			buildPhases = (
				0F512D6E2B69AA7400321C1E /* Sources */,
				0F512D6F2B69AA7400321C1E /* Frameworks */,
				0F512D702B69AA7400321C1E /* Resources */,
			);
			buildRules = (
			);
			dependencies = (
				0F512D742B69AA7400321C1E /* PBXTargetDependency */,
			);
			name = ChimpTestUITests;
			productName = ChimpTestUITests;
			productReference = 0F512D722B69AA7400321C1E /* ChimpTestUITests.xctest */;
			productType = "com.apple.product-type.bundle.ui-testing";
		};
/* End PBXNativeTarget section */

/* Begin PBXProject section */
		0F512D502B69AA7300321C1E /* Project object */ = {
			isa = PBXProject;
			attributes = {
				BuildIndependentTargetsInParallel = 1;
				LastSwiftUpdateCheck = 1520;
				LastUpgradeCheck = 1520;
				TargetAttributes = {
					0F512D572B69AA7300321C1E = {
						CreatedOnToolsVersion = 15.2;
					};
					0F512D672B69AA7400321C1E = {
						CreatedOnToolsVersion = 15.2;
						TestTargetID = 0F512D572B69AA7300321C1E;
					};
					0F512D712B69AA7400321C1E = {
						CreatedOnToolsVersion = 15.2;
						TestTargetID = 0F512D572B69AA7300321C1E;
					};
				};
			};
			buildConfigurationList = 0F512D532B69AA7300321C1E /* Build configuration list for PBXProject "ChimpTest" */;
			compatibilityVersion = "Xcode 14.0";
			developmentRegion = en;
			hasScannedForEncodings = 0;
			knownRegions = (
				en,
				Base,
			);
			mainGroup = 0F512D4F2B69AA7300321C1E;
			productRefGroup = 0F512D592B69AA7300321C1E /* Products */;
			projectDirPath = "";
			projectRoot = "";
			targets = (
				0F512D572B69AA7300321C1E /* ChimpTest */,
				0F512D672B69AA7400321C1E /* ChimpTestTests */,
				0F512D712B69AA7400321C1E /* ChimpTestUITests */,
			);
		};
/* End PBXProject section */

/* Begin PBXResourcesBuildPhase section */
		0F512D562B69AA7300321C1E /* Resources */ = {
			isa = PBXResourcesBuildPhase;
			buildActionMask = 2147483647;
			files = (
				0F512D632B69AA7400321C1E /* Preview Assets.xcassets in Resources */,
				0F512D602B69AA7400321C1E /* Assets.xcassets in Resources */,
			);
			runOnlyForDeploymentPostprocessing = 0;
		};
		0F512D662B69AA7400321C1E /* Resources */ = {
			isa = PBXResourcesBuildPhase;
			buildActionMask = 2147483647;
			files = (
			);
			runOnlyForDeploymentPostprocessing = 0;
		};
		0F512D702B69AA7400321C1E /* Resources */ = {
			isa = PBXResourcesBuildPhase;
			buildActionMask = 2147483647;
			files = (
			);
			runOnlyForDeploymentPostprocessing = 0;
		};
/* End PBXResourcesBuildPhase section */

/* Begin PBXSourcesBuildPhase section */
		0F512D542B69AA7300321C1E /* Sources */ = {
			isa = PBXSourcesBuildPhase;
			buildActionMask = 2147483647;
			files = (
				0F512D5E2B69AA7300321C1E /* ContentView.swift in Sources */,
				0F512D5C2B69AA7300321C1E /* ChimpTestApp.swift in Sources */,
			);
			runOnlyForDeploymentPostprocessing = 0;
		};
		0F512D642B69AA7400321C1E /* Sources */ = {
			isa = PBXSourcesBuildPhase;
			buildActionMask = 2147483647;
			files = (
				0F512D6D2B69AA7400321C1E /* ChimpTestTests.swift in Sources */,
			);
			runOnlyForDeploymentPostprocessing = 0;
		};
		0F512D6E2B69AA7400321C1E /* Sources */ = {
			isa = PBXSourcesBuildPhase;
			buildActionMask = 2147483647;
			files = (
				0F512D792B69AA7400321C1E /* ChimpTestUITestsLaunchTests.swift in Sources */,
				0F512D772B69AA7400321C1E /* ChimpTestUITests.swift in Sources */,
			);
			runOnlyForDeploymentPostprocessing = 0;
		};
/* End PBXSourcesBuildPhase section */

/* Begin PBXTargetDependency section */
		0F512D6A2B69AA7400321C1E /* PBXTargetDependency */ = {
			isa = PBXTargetDependency;
			target = 0F512D572B69AA7300321C1E /* ChimpTest */;
			targetProxy = 0F512D692B69AA7400321C1E /* PBXContainerItemProxy */;
		};
		0F512D742B69AA7400321C1E /* PBXTargetDependency */ = {
			isa = PBXTargetDependency;
			target = 0F512D572B69AA7300321C1E /* ChimpTest */;
			targetProxy = 0F512D732B69AA7400321C1E /* PBXContainerItemProxy */;
		};
/* End PBXTargetDependency section */

/* Begin XCBuildConfiguration section */
		0F512D7A2B69AA7400321C1E /* Debug */ = {
			isa = XCBuildConfiguration;
			buildSettings = {
				ALWAYS_SEARCH_USER_PATHS = NO;
				ASSETCATALOG_COMPILER_GENERATE_SWIFT_ASSET_SYMBOL_EXTENSIONS = YES;
				CLANG_ANALYZER_NONNULL = YES;
				CLANG_ANALYZER_NUMBER_OBJECT_CONVERSION = YES_AGGRESSIVE;
				CLANG_CXX_LANGUAGE_STANDARD = "gnu++20";
				CLANG_ENABLE_MODULES = YES;
				CLANG_ENABLE_OBJC_ARC = YES;
				CLANG_ENABLE_OBJC_WEAK = YES;
				CLANG_WARN_BLOCK_CAPTURE_AUTORELEASING = YES;
				CLANG_WARN_BOOL_CONVERSION = YES;
				CLANG_WARN_COMMA = YES;
				CLANG_WARN_CONSTANT_CONVERSION = YES;
				CLANG_WARN_DEPRECATED_OBJC_IMPLEMENTATIONS = YES;
				CLANG_WARN_DIRECT_OBJC_ISA_USAGE = YES_ERROR;
				CLANG_WARN_DOCUMENTATION_COMMENTS = YES;
				CLANG_WARN_EMPTY_BODY = YES;
				CLANG_WARN_ENUM_CONVERSION = YES;
				CLANG_WARN_INFINITE_RECURSION = YES;
				CLANG_WARN_INT_CONVERSION = YES;
				CLANG_WARN_NON_LITERAL_NULL_CONVERSION = YES;
				CLANG_WARN_OBJC_IMPLICIT_RETAIN_SELF = YES;
				CLANG_WARN_OBJC_LITERAL_CONVERSION = YES;
				CLANG_WARN_OBJC_ROOT_CLASS = YES_ERROR;
				CLANG_WARN_QUOTED_INCLUDE_IN_FRAMEWORK_HEADER = YES;
				CLANG_WARN_RANGE_LOOP_ANALYSIS = YES;
				CLANG_WARN_STRICT_PROTOTYPES = YES;
				CLANG_WARN_SUSPICIOUS_MOVE = YES;
				CLANG_WARN_UNGUARDED_AVAILABILITY = YES_AGGRESSIVE;
				CLANG_WARN_UNREACHABLE_CODE = YES;
				CLANG_WARN__DUPLICATE_METHOD_MATCH = YES;
				COPY_PHASE_STRIP = NO;
				DEBUG_INFORMATION_FORMAT = dwarf;
				ENABLE_STRICT_OBJC_MSGSEND = YES;
				ENABLE_TESTABILITY = YES;
				ENABLE_USER_SCRIPT_SANDBOXING = YES;
				GCC_C_LANGUAGE_STANDARD = gnu17;
				GCC_DYNAMIC_NO_PIC = NO;
				GCC_NO_COMMON_BLOCKS = YES;
				GCC_OPTIMIZATION_LEVEL = 0;
				GCC_PREPROCESSOR_DEFINITIONS = (
					"DEBUG=1",
					"$(inherited)",
				);
				GCC_WARN_64_TO_32_BIT_CONVERSION = YES;
				GCC_WARN_ABOUT_RETURN_TYPE = YES_ERROR;
				GCC_WARN_UNDECLARED_SELECTOR = YES;
				GCC_WARN_UNINITIALIZED_AUTOS = YES_AGGRESSIVE;
				GCC_WARN_UNUSED_FUNCTION = YES;
				GCC_WARN_UNUSED_VARIABLE = YES;
				IPHONEOS_DEPLOYMENT_TARGET = 17.2;
				LOCALIZATION_PREFERS_STRING_CATALOGS = YES;
				MTL_ENABLE_DEBUG_INFO = INCLUDE_SOURCE;
				MTL_FAST_MATH = YES;
				ONLY_ACTIVE_ARCH = YES;
				SDKROOT = iphoneos;
				SWIFT_ACTIVE_COMPILATION_CONDITIONS = "DEBUG $(inherited)";
				SWIFT_OPTIMIZATION_LEVEL = "-Onone";
			};
			name = Debug;
		};
		0F512D7B2B69AA7400321C1E /* Release */ = {
			isa = XCBuildConfiguration;
			buildSettings = {
				ALWAYS_SEARCH_USER_PATHS = NO;
				ASSETCATALOG_COMPILER_GENERATE_SWIFT_ASSET_SYMBOL_EXTENSIONS = YES;
				CLANG_ANALYZER_NONNULL = YES;
				CLANG_ANALYZER_NUMBER_OBJECT_CONVERSION = YES_AGGRESSIVE;
				CLANG_CXX_LANGUAGE_STANDARD = "gnu++20";
				CLANG_ENABLE_MODULES = YES;
				CLANG_ENABLE_OBJC_ARC = YES;
				CLANG_ENABLE_OBJC_WEAK = YES;
				CLANG_WARN_BLOCK_CAPTURE_AUTORELEASING = YES;
				CLANG_WARN_BOOL_CONVERSION = YES;
				CLANG_WARN_COMMA = YES;
				CLANG_WARN_CONSTANT_CONVERSION = YES;
				CLANG_WARN_DEPRECATED_OBJC_IMPLEMENTATIONS = YES;
				CLANG_WARN_DIRECT_OBJC_ISA_USAGE = YES_ERROR;
				CLANG_WARN_DOCUMENTATION_COMMENTS = YES;
				CLANG_WARN_EMPTY_BODY = YES;
				CLANG_WARN_ENUM_CONVERSION = YES;
				CLANG_WARN_INFINITE_RECURSION = YES;
				CLANG_WARN_INT_CONVERSION = YES;
				CLANG_WARN_NON_LITERAL_NULL_CONVERSION = YES;
				CLANG_WARN_OBJC_IMPLICIT_RETAIN_SELF = YES;
				CLANG_WARN_OBJC_LITERAL_CONVERSION = YES;
				CLANG_WARN_OBJC_ROOT_CLASS = YES_ERROR;
				CLANG_WARN_QUOTED_INCLUDE_IN_FRAMEWORK_HEADER = YES;
				CLANG_WARN_RANGE_LOOP_ANALYSIS = YES;
				CLANG_WARN_STRICT_PROTOTYPES = YES;
				CLANG_WARN_SUSPICIOUS_MOVE = YES;
				CLANG_WARN_UNGUARDED_AVAILABILITY = YES_AGGRESSIVE;
				CLANG_WARN_UNREACHABLE_CODE = YES;
				CLANG_WARN__DUPLICATE_METHOD_MATCH = YES;
				COPY_PHASE_STRIP = NO;
				DEBUG_INFORMATION_FORMAT = "dwarf-with-dsym";
				ENABLE_NS_ASSERTIONS = NO;
				ENABLE_STRICT_OBJC_MSGSEND = YES;
				ENABLE_USER_SCRIPT_SANDBOXING = YES;
				GCC_C_LANGUAGE_STANDARD = gnu17;
				GCC_NO_COMMON_BLOCKS = YES;
				GCC_WARN_64_TO_32_BIT_CONVERSION = YES;
				GCC_WARN_ABOUT_RETURN_TYPE = YES_ERROR;
				GCC_WARN_UNDECLARED_SELECTOR = YES;
				GCC_WARN_UNINITIALIZED_AUTOS = YES_AGGRESSIVE;
				GCC_WARN_UNUSED_FUNCTION = YES;
				GCC_WARN_UNUSED_VARIABLE = YES;
				IPHONEOS_DEPLOYMENT_TARGET = 17.2;
				LOCALIZATION_PREFERS_STRING_CATALOGS = YES;
				MTL_ENABLE_DEBUG_INFO = NO;
				MTL_FAST_MATH = YES;
				SDKROOT = iphoneos;
				SWIFT_COMPILATION_MODE = wholemodule;
				VALIDATE_PRODUCT = YES;
			};
			name = Release;
		};
		0F512D7D2B69AA7400321C1E /* Debug */ = {
			isa = XCBuildConfiguration;
			buildSettings = {
				ASSETCATALOG_COMPILER_APPICON_NAME = AppIcon;
				ASSETCATALOG_COMPILER_GLOBAL_ACCENT_COLOR_NAME = AccentColor;
				CODE_SIGN_STYLE = Automatic;
				CURRENT_PROJECT_VERSION = 1;
				DEVELOPMENT_ASSET_PATHS = "\"ChimpTest/Preview Content\"";
				DEVELOPMENT_TEAM = 66MQ5QVH5G;
				ENABLE_PREVIEWS = YES;
				GENERATE_INFOPLIST_FILE = YES;
				INFOPLIST_KEY_UIApplicationSceneManifest_Generation = YES;
				INFOPLIST_KEY_UIApplicationSupportsIndirectInputEvents = YES;
				INFOPLIST_KEY_UILaunchScreen_Generation = YES;
				INFOPLIST_KEY_UISupportedInterfaceOrientations_iPad = "UIInterfaceOrientationPortrait UIInterfaceOrientationPortraitUpsideDown UIInterfaceOrientationLandscapeLeft UIInterfaceOrientationLandscapeRight";
				INFOPLIST_KEY_UISupportedInterfaceOrientations_iPhone = "UIInterfaceOrientationPortrait UIInterfaceOrientationLandscapeLeft UIInterfaceOrientationLandscapeRight";
				LD_RUNPATH_SEARCH_PATHS = (
					"$(inherited)",
					"@executable_path/Frameworks",
				);
				MARKETING_VERSION = 1.0;
				PRODUCT_BUNDLE_IDENTIFIER = com.neginzahedi.ChimpTest;
				PRODUCT_NAME = "$(TARGET_NAME)";
				SWIFT_EMIT_LOC_STRINGS = YES;
				SWIFT_VERSION = 5.0;
				TARGETED_DEVICE_FAMILY = "1,2";
			};
			name = Debug;
		};
		0F512D7E2B69AA7400321C1E /* Release */ = {
			isa = XCBuildConfiguration;
			buildSettings = {
				ASSETCATALOG_COMPILER_APPICON_NAME = AppIcon;
				ASSETCATALOG_COMPILER_GLOBAL_ACCENT_COLOR_NAME = AccentColor;
				CODE_SIGN_STYLE = Automatic;
				CURRENT_PROJECT_VERSION = 1;
				DEVELOPMENT_ASSET_PATHS = "\"ChimpTest/Preview Content\"";
				DEVELOPMENT_TEAM = 66MQ5QVH5G;
				ENABLE_PREVIEWS = YES;
				GENERATE_INFOPLIST_FILE = YES;
				INFOPLIST_KEY_UIApplicationSceneManifest_Generation = YES;
				INFOPLIST_KEY_UIApplicationSupportsIndirectInputEvents = YES;
				INFOPLIST_KEY_UILaunchScreen_Generation = YES;
				INFOPLIST_KEY_UISupportedInterfaceOrientations_iPad = "UIInterfaceOrientationPortrait UIInterfaceOrientationPortraitUpsideDown UIInterfaceOrientationLandscapeLeft UIInterfaceOrientationLandscapeRight";
				INFOPLIST_KEY_UISupportedInterfaceOrientations_iPhone = "UIInterfaceOrientationPortrait UIInterfaceOrientationLandscapeLeft UIInterfaceOrientationLandscapeRight";
				LD_RUNPATH_SEARCH_PATHS = (
					"$(inherited)",
					"@executable_path/Frameworks",
				);
				MARKETING_VERSION = 1.0;
				PRODUCT_BUNDLE_IDENTIFIER = com.neginzahedi.ChimpTest;
				PRODUCT_NAME = "$(TARGET_NAME)";
				SWIFT_EMIT_LOC_STRINGS = YES;
				SWIFT_VERSION = 5.0;
				TARGETED_DEVICE_FAMILY = "1,2";
			};
			name = Release;
		};
		0F512D802B69AA7400321C1E /* Debug */ = {
			isa = XCBuildConfiguration;
			buildSettings = {
				ALWAYS_EMBED_SWIFT_STANDARD_LIBRARIES = YES;
				BUNDLE_LOADER = "$(TEST_HOST)";
				CODE_SIGN_STYLE = Automatic;
				CURRENT_PROJECT_VERSION = 1;
				DEVELOPMENT_TEAM = 66MQ5QVH5G;
				GENERATE_INFOPLIST_FILE = YES;
				IPHONEOS_DEPLOYMENT_TARGET = 17.2;
				MARKETING_VERSION = 1.0;
				PRODUCT_BUNDLE_IDENTIFIER = com.neginzahedi.ChimpTestTests;
				PRODUCT_NAME = "$(TARGET_NAME)";
				SWIFT_EMIT_LOC_STRINGS = NO;
				SWIFT_VERSION = 5.0;
				TARGETED_DEVICE_FAMILY = "1,2";
				TEST_HOST = "$(BUILT_PRODUCTS_DIR)/ChimpTest.app/$(BUNDLE_EXECUTABLE_FOLDER_PATH)/ChimpTest";
			};
			name = Debug;
		};
		0F512D812B69AA7400321C1E /* Release */ = {
			isa = XCBuildConfiguration;
			buildSettings = {
				ALWAYS_EMBED_SWIFT_STANDARD_LIBRARIES = YES;
				BUNDLE_LOADER = "$(TEST_HOST)";
				CODE_SIGN_STYLE = Automatic;
				CURRENT_PROJECT_VERSION = 1;
				DEVELOPMENT_TEAM = 66MQ5QVH5G;
				GENERATE_INFOPLIST_FILE = YES;
				IPHONEOS_DEPLOYMENT_TARGET = 17.2;
				MARKETING_VERSION = 1.0;
				PRODUCT_BUNDLE_IDENTIFIER = com.neginzahedi.ChimpTestTests;
				PRODUCT_NAME = "$(TARGET_NAME)";
				SWIFT_EMIT_LOC_STRINGS = NO;
				SWIFT_VERSION = 5.0;
				TARGETED_DEVICE_FAMILY = "1,2";
				TEST_HOST = "$(BUILT_PRODUCTS_DIR)/ChimpTest.app/$(BUNDLE_EXECUTABLE_FOLDER_PATH)/ChimpTest";
			};
			name = Release;
		};
		0F512D832B69AA7400321C1E /* Debug */ = {
			isa = XCBuildConfiguration;
			buildSettings = {
				ALWAYS_EMBED_SWIFT_STANDARD_LIBRARIES = YES;
				CODE_SIGN_STYLE = Automatic;
				CURRENT_PROJECT_VERSION = 1;
				DEVELOPMENT_TEAM = 66MQ5QVH5G;
				GENERATE_INFOPLIST_FILE = YES;
				MARKETING_VERSION = 1.0;
				PRODUCT_BUNDLE_IDENTIFIER = com.neginzahedi.ChimpTestUITests;
				PRODUCT_NAME = "$(TARGET_NAME)";
				SWIFT_EMIT_LOC_STRINGS = NO;
				SWIFT_VERSION = 5.0;
				TARGETED_DEVICE_FAMILY = "1,2";
				TEST_TARGET_NAME = ChimpTest;
			};
			name = Debug;
		};
		0F512D842B69AA7400321C1E /* Release */ = {
			isa = XCBuildConfiguration;
			buildSettings = {
				ALWAYS_EMBED_SWIFT_STANDARD_LIBRARIES = YES;
				CODE_SIGN_STYLE = Automatic;
				CURRENT_PROJECT_VERSION = 1;
				DEVELOPMENT_TEAM = 66MQ5QVH5G;
				GENERATE_INFOPLIST_FILE = YES;
				MARKETING_VERSION = 1.0;
				PRODUCT_BUNDLE_IDENTIFIER = com.neginzahedi.ChimpTestUITests;
				PRODUCT_NAME = "$(TARGET_NAME)";
				SWIFT_EMIT_LOC_STRINGS = NO;
				SWIFT_VERSION = 5.0;
				TARGETED_DEVICE_FAMILY = "1,2";
				TEST_TARGET_NAME = ChimpTest;
			};
			name = Release;
		};
/* End XCBuildConfiguration section */

/* Begin XCConfigurationList section */
		0F512D532B69AA7300321C1E /* Build configuration list for PBXProject "ChimpTest" */ = {
			isa = XCConfigurationList;
			buildConfigurations = (
				0F512D7A2B69AA7400321C1E /* Debug */,
				0F512D7B2B69AA7400321C1E /* Release */,
			);
			defaultConfigurationIsVisible = 0;
			defaultConfigurationName = Release;
		};
		0F512D7C2B69AA7400321C1E /* Build configuration list for PBXNativeTarget "ChimpTest" */ = {
			isa = XCConfigurationList;
			buildConfigurations = (
				0F512D7D2B69AA7400321C1E /* Debug */,
				0F512D7E2B69AA7400321C1E /* Release */,
			);
			defaultConfigurationIsVisible = 0;
			defaultConfigurationName = Release;
		};
		0F512D7F2B69AA7400321C1E /* Build configuration list for PBXNativeTarget "ChimpTestTests" */ = {
			isa = XCConfigurationList;
			buildConfigurations = (
				0F512D802B69AA7400321C1E /* Debug */,
				0F512D812B69AA7400321C1E /* Release */,
			);
			defaultConfigurationIsVisible = 0;
			defaultConfigurationName = Release;
		};
		0F512D822B69AA7400321C1E /* Build configuration list for PBXNativeTarget "ChimpTestUITests" */ = {
			isa = XCConfigurationList;
			buildConfigurations = (
				0F512D832B69AA7400321C1E /* Debug */,
				0F512D842B69AA7400321C1E /* Release */,
			);
			defaultConfigurationIsVisible = 0;
			defaultConfigurationName = Release;
		};
/* End XCConfigurationList section */
	};
	rootObject = 0F512D502B69AA7300321C1E /* Project object */;
}
